
Microsoft Visual Studio Solution File, Format Version 11.00
# Visual Studio 2010
Project("{8BC9CEB8-8B4A-11D0-8D11-00A0C91BC942}") = "BasicSvcFaultSim", "BasicSvcFaultSim\BasicSvcFaultSim.vcxproj", "{909ACF85-1140-4483-8932-50BCDE9362E5}"
EndProject
Project("{8BC9CEB8-8B4A-11D0-8D11-00A0C91BC942}") = "DBFaultSim", "DBFaultSim\DBFaultSim.vcxproj", "{ECC9C742-6722-4160-8033-9A881A52387C}"
EndProject
Project("{8BC9CEB8-8B4A-11D0-8D11-00A0C91BC942}") = "HostFaultSim", "HostFaultSim\HostFaultSim.vcxproj", "{27FC5D1E-7A92-4E33-88C6-7B2B8568AE37}"
EndProject
Project("{8BC9CEB8-8B4A-11D0-8D11-00A0C91BC942}") = "NetSim", "NetSim\NetSim.vcxproj", "{DAF65F8B-6D89-4BEB-83F2-77FB801FAE5E}"
EndProject
Project("{8BC9CEB8-8B4A-11D0-8D11-00A0C91BC942}") = "FaultInjection", "FaultInjection\FaultInjection.vcxproj", "{7F1293AF-A841-47D5-9255-6BD8072674F5}"
EndProject
Project("{8BC9CEB8-8B4A-11D0-8D11-00A0C91BC942}") = "VMFaultSim", "VMFaultSim\VMFaultSim.vcxproj", "{163C4AAC-1CF9-4EE7-9793-B2B1D419ECD6}"
EndProject
Project("{8BC9CEB8-8B4A-11D0-8D11-00A0C91BC942}") = "Altova_Dll_Xerces_nomfc", "Common\AltovaDll_Xerces_nomfc\Altova_Dll_Xerces_nomfc\Altova_Dll_Xerces_nomfc.vcxproj", "{7FA56513-6D3E-4889-828E-0264CA264583}"
EndProject
Project("{8BC9CEB8-8B4A-11D0-8D11-00A0C91BC942}") = "AltovaXML_Dll_Xerces_nomfc", "Common\AltovaDll_Xerces_nomfc\AltovaXML_Dll_Xerces_nomfc\AltovaXML_Dll_Xerces_nomfc.vcxproj", "{F3AC3792-93CC-4AF6-A248-A0BDA2AAD226}"
EndProject
Project("{8BC9CEB8-8B4A-11D0-8D11-00A0C91BC942}") = "FaultInjectionXML", "Common\FaultInjectionXML\FaultInjectionXML.vcxproj", "{8B2303D5-2E3A-8163-86E3-296C384FA075}"
EndProject
Project("{8BC9CEB8-8B4A-11D0-8D11-00A0C91BC942}") = "RegeditSim", "RegeditSim\RegeditSim.vcxproj", "{F3A9FB9D-436A-4AEE-8DF6-B07F40BC176A}"
EndProject
Project("{8BC9CEB8-8B4A-11D0-8D11-00A0C91BC942}") = "MQComm", "MQComm\MQComm.vcxproj", "{432770A2-6A49-4951-ABAB-471C5A814F7F}"
EndProject
Global
	GlobalSection(SolutionConfigurationPlatforms) = preSolution
		Debug|Win32 = Debug|Win32
		Debug|x64 = Debug|x64
		Release|Win32 = Release|Win32
		Release|x64 = Release|x64
	EndGlobalSection
	GlobalSection(ProjectConfigurationPlatforms) = postSolution
		{909ACF85-1140-4483-8932-50BCDE9362E5}.Debug|Win32.ActiveCfg = Debug|Win32
		{909ACF85-1140-4483-8932-50BCDE9362E5}.Debug|Win32.Build.0 = Debug|Win32
		{909ACF85-1140-4483-8932-50BCDE9362E5}.Debug|x64.ActiveCfg = Debug|x64
		{909ACF85-1140-4483-8932-50BCDE9362E5}.Debug|x64.Build.0 = Debug|x64
		{909ACF85-1140-4483-8932-50BCDE9362E5}.Release|Win32.ActiveCfg = Release|Win32
		{909ACF85-1140-4483-8932-50BCDE9362E5}.Release|Win32.Build.0 = Release|Win32
		{909ACF85-1140-4483-8932-50BCDE9362E5}.Release|x64.ActiveCfg = Release|x64
		{909ACF85-1140-4483-8932-50BCDE9362E5}.Release|x64.Build.0 = Release|x64
		{ECC9C742-6722-4160-8033-9A881A52387C}.Debug|Win32.ActiveCfg = Debug|Win32
		{ECC9C742-6722-4160-8033-9A881A52387C}.Debug|Win32.Build.0 = Debug|Win32
		{ECC9C742-6722-4160-8033-9A881A52387C}.Debug|x64.ActiveCfg = Debug|x64
		{ECC9C742-6722-4160-8033-9A881A52387C}.Debug|x64.Build.0 = Debug|x64
		{ECC9C742-6722-4160-8033-9A881A52387C}.Release|Win32.ActiveCfg = Release|Win32
		{ECC9C742-6722-4160-8033-9A881A52387C}.Release|Win32.Build.0 = Release|Win32
		{ECC9C742-6722-4160-8033-9A881A52387C}.Release|x64.ActiveCfg = Release|x64
		{ECC9C742-6722-4160-8033-9A881A52387C}.Release|x64.Build.0 = Release|x64
		{27FC5D1E-7A92-4E33-88C6-7B2B8568AE37}.Debug|Win32.ActiveCfg = Debug|Win32
		{27FC5D1E-7A92-4E33-88C6-7B2B8568AE37}.Debug|Win32.Build.0 = Debug|Win32
		{27FC5D1E-7A92-4E33-88C6-7B2B8568AE37}.Debug|x64.ActiveCfg = Debug|x64
		{27FC5D1E-7A92-4E33-88C6-7B2B8568AE37}.Debug|x64.Build.0 = Debug|x64
		{27FC5D1E-7A92-4E33-88C6-7B2B8568AE37}.Release|Win32.ActiveCfg = Release|Win32
		{27FC5D1E-7A92-4E33-88C6-7B2B8568AE37}.Release|Win32.Build.0 = Release|Win32
		{27FC5D1E-7A92-4E33-88C6-7B2B8568AE37}.Release|x64.ActiveCfg = Release|x64
		{27FC5D1E-7A92-4E33-88C6-7B2B8568AE37}.Release|x64.Build.0 = Release|x64
		{DAF65F8B-6D89-4BEB-83F2-77FB801FAE5E}.Debug|Win32.ActiveCfg = Debug|Win32
		{DAF65F8B-6D89-4BEB-83F2-77FB801FAE5E}.Debug|Win32.Build.0 = Debug|Win32
		{DAF65F8B-6D89-4BEB-83F2-77FB801FAE5E}.Debug|x64.ActiveCfg = Debug|x64
		{DAF65F8B-6D89-4BEB-83F2-77FB801FAE5E}.Debug|x64.Build.0 = Debug|x64
		{DAF65F8B-6D89-4BEB-83F2-77FB801FAE5E}.Release|Win32.ActiveCfg = Release|Win32
		{DAF65F8B-6D89-4BEB-83F2-77FB801FAE5E}.Release|Win32.Build.0 = Release|Win32
		{DAF65F8B-6D89-4BEB-83F2-77FB801FAE5E}.Release|x64.ActiveCfg = Release|x64
		{DAF65F8B-6D89-4BEB-83F2-77FB801FAE5E}.Release|x64.Build.0 = Release|x64
		{7F1293AF-A841-47D5-9255-6BD8072674F5}.Debug|Win32.ActiveCfg = Debug|Win32
		{7F1293AF-A841-47D5-9255-6BD8072674F5}.Debug|Win32.Build.0 = Debug|Win32
		{7F1293AF-A841-47D5-9255-6BD8072674F5}.Debug|x64.ActiveCfg = Debug|x64
		{7F1293AF-A841-47D5-9255-6BD8072674F5}.Debug|x64.Build.0 = Debug|x64
		{7F1293AF-A841-47D5-9255-6BD8072674F5}.Release|Win32.ActiveCfg = Release|Win32
		{7F1293AF-A841-47D5-9255-6BD8072674F5}.Release|Win32.Build.0 = Release|Win32
		{7F1293AF-A841-47D5-9255-6BD8072674F5}.Release|x64.ActiveCfg = Release|x64
		{7F1293AF-A841-47D5-9255-6BD8072674F5}.Release|x64.Build.0 = Release|x64
		{163C4AAC-1CF9-4EE7-9793-B2B1D419ECD6}.Debug|Win32.ActiveCfg = Debug|Win32
		{163C4AAC-1CF9-4EE7-9793-B2B1D419ECD6}.Debug|Win32.Build.0 = Debug|Win32
		{163C4AAC-1CF9-4EE7-9793-B2B1D419ECD6}.Debug|x64.ActiveCfg = Debug|Win32
		{163C4AAC-1CF9-4EE7-9793-B2B1D419ECD6}.Release|Win32.ActiveCfg = Release|Win32
		{163C4AAC-1CF9-4EE7-9793-B2B1D419ECD6}.Release|Win32.Build.0 = Release|Win32
		{163C4AAC-1CF9-4EE7-9793-B2B1D419ECD6}.Release|x64.ActiveCfg = Release|Win32
		{7FA56513-6D3E-4889-828E-0264CA264583}.Debug|Win32.ActiveCfg = Debug|Win32
		{7FA56513-6D3E-4889-828E-0264CA264583}.Debug|Win32.Build.0 = Debug|Win32
		{7FA56513-6D3E-4889-828E-0264CA264583}.Debug|x64.ActiveCfg = Debug|Win32
		{7FA56513-6D3E-4889-828E-0264CA264583}.Release|Win32.ActiveCfg = Release|Win32
		{7FA56513-6D3E-4889-828E-0264CA264583}.Release|Win32.Build.0 = Release|Win32
		{7FA56513-6D3E-4889-828E-0264CA264583}.Release|x64.ActiveCfg = Release|Win32
		{F3AC3792-93CC-4AF6-A248-A0BDA2AAD226}.Debug|Win32.ActiveCfg = Debug|Win32
		{F3AC3792-93CC-4AF6-A248-A0BDA2AAD226}.Debug|Win32.Build.0 = Debug|Win32
		{F3AC3792-93CC-4AF6-A248-A0BDA2AAD226}.Debug|x64.ActiveCfg = Debug|Win32
		{F3AC3792-93CC-4AF6-A248-A0BDA2AAD226}.Release|Win32.ActiveCfg = Release|Win32
		{F3AC3792-93CC-4AF6-A248-A0BDA2AAD226}.Release|Win32.Build.0 = Release|Win32
		{F3AC3792-93CC-4AF6-A248-A0BDA2AAD226}.Release|x64.ActiveCfg = Release|Win32
		{8B2303D5-2E3A-8163-86E3-296C384FA075}.Debug|Win32.ActiveCfg = Debug|Win32
		{8B2303D5-2E3A-8163-86E3-296C384FA075}.Debug|Win32.Build.0 = Debug|Win32
		{8B2303D5-2E3A-8163-86E3-296C384FA075}.Debug|x64.ActiveCfg = Debug|Win32
		{8B2303D5-2E3A-8163-86E3-296C384FA075}.Release|Win32.ActiveCfg = Release|Win32
		{8B2303D5-2E3A-8163-86E3-296C384FA075}.Release|Win32.Build.0 = Release|Win32
		{8B2303D5-2E3A-8163-86E3-296C384FA075}.Release|x64.ActiveCfg = Release|Win32
		{F3A9FB9D-436A-4AEE-8DF6-B07F40BC176A}.Debug|Win32.ActiveCfg = Debug|Win32
		{F3A9FB9D-436A-4AEE-8DF6-B07F40BC176A}.Debug|Win32.Build.0 = Debug|Win32
		{F3A9FB9D-436A-4AEE-8DF6-B07F40BC176A}.Debug|x64.ActiveCfg = Debug|Win32
		{F3A9FB9D-436A-4AEE-8DF6-B07F40BC176A}.Release|Win32.ActiveCfg = Release|Win32
		{F3A9FB9D-436A-4AEE-8DF6-B07F40BC176A}.Release|Win32.Build.0 = Release|Win32
		{F3A9FB9D-436A-4AEE-8DF6-B07F40BC176A}.Release|x64.ActiveCfg = Release|Win32
		{432770A2-6A49-4951-ABAB-471C5A814F7F}.Debug|Win32.ActiveCfg = Debug|Win32
		{432770A2-6A49-4951-ABAB-471C5A814F7F}.Debug|Win32.Build.0 = Debug|Win32
		{432770A2-6A49-4951-ABAB-471C5A814F7F}.Debug|x64.ActiveCfg = Debug|Win32
		{432770A2-6A49-4951-ABAB-471C5A814F7F}.Release|Win32.ActiveCfg = Release|Win32
		{432770A2-6A49-4951-ABAB-471C5A814F7F}.Release|Win32.Build.0 = Release|Win32
		{432770A2-6A49-4951-ABAB-471C5A814F7F}.Release|x64.ActiveCfg = Release|Win32
	EndGlobalSection
	GlobalSection(SolutionProperties) = preSolution
		HideSolutionNode = FALSE
	EndGlobalSection
EndGlobal
